
Microsoft Visual Studio Solution File, Format Version 12.00
# Visual Studio Version 16
VisualStudioVersion = 16.0.30717.126
MinimumVisualStudioVersion = 10.0.40219.1
Project("{888888A0-9F3D-457C-B088-3A5042F75D52}") = "DualSuperResLearningForSemSeg", "DualSuperResLearningForSemSeg.pyproj", "{46AA911D-F2C5-4BE4-A319-11599F9E7DB8}"
EndProject
Global
	GlobalSection(SolutionConfigurationPlatforms) = preSolution
		Debug|Any CPU = Debug|Any CPU
		Release|Any CPU = Release|Any CPU
	EndGlobalSection
	GlobalSection(ProjectConfigurationPlatforms) = postSolution
		{46AA911D-F2C5-4BE4-A319-11599F9E7DB8}.Debug|Any CPU.ActiveCfg = Debug|Any CPU
		{46AA911D-F2C5-4BE4-A319-11599F9E7DB8}.Release|Any CPU.ActiveCfg = Release|Any CPU
	EndGlobalSection
	GlobalSection(SolutionProperties) = preSolution
		HideSolutionNode = FALSE
	EndGlobalSection
	GlobalSection(ExtensibilityGlobals) = postSolution
		SolutionGuid = {73A7A321-D7B3-453F-ACA0-1CAFBABC9D19}
	EndGlobalSection
EndGlobal
